
Microsoft Visual Studio Solution File, Format Version 12.00
# Visual Studio Version 17
VisualStudioVersion = 17.5.33530.505
MinimumVisualStudioVersion = 10.0.40219.1
Project("{9A19103F-16F7-4668-BE54-9A1E7A4F7556}") = "TwoSumproblem", "TwoSumproblem\TwoSumproblem.csproj", "{5526403B-1CE9-4B7B-9E46-394FB3B2174A}"
EndProject
Project("{9A19103F-16F7-4668-BE54-9A1E7A4F7556}") = "MedianOfTwoSortedArray", "MedianOfTwoSortedArray\MedianOfTwoSortedArray.csproj", "{462DE071-9E05-4460-96EA-354716E88189}"
EndProject
Project("{9A19103F-16F7-4668-BE54-9A1E7A4F7556}") = "ContainerWithMostWater", "ContainerWithMostWater\ContainerWithMostWater.csproj", "{7DCD25C8-E747-4251-9830-7F7E50468619}"
EndProject
Project("{FAE04EC0-301F-11D3-BF4B-00C04F79EFBC}") = "3Sumproblem", "3Sumproblem\3Sumproblem.csproj", "{C3149486-7888-4B7D-B1F3-38AC6A759B9B}"
EndProject
Global
	GlobalSection(SolutionConfigurationPlatforms) = preSolution
		Debug|Any CPU = Debug|Any CPU
		Release|Any CPU = Release|Any CPU
	EndGlobalSection
	GlobalSection(ProjectConfigurationPlatforms) = postSolution
		{5526403B-1CE9-4B7B-9E46-394FB3B2174A}.Debug|Any CPU.ActiveCfg = Debug|Any CPU
		{5526403B-1CE9-4B7B-9E46-394FB3B2174A}.Debug|Any CPU.Build.0 = Debug|Any CPU
		{5526403B-1CE9-4B7B-9E46-394FB3B2174A}.Release|Any CPU.ActiveCfg = Release|Any CPU
		{5526403B-1CE9-4B7B-9E46-394FB3B2174A}.Release|Any CPU.Build.0 = Release|Any CPU
		{462DE071-9E05-4460-96EA-354716E88189}.Debug|Any CPU.ActiveCfg = Debug|Any CPU
		{462DE071-9E05-4460-96EA-354716E88189}.Debug|Any CPU.Build.0 = Debug|Any CPU
		{462DE071-9E05-4460-96EA-354716E88189}.Release|Any CPU.ActiveCfg = Release|Any CPU
		{462DE071-9E05-4460-96EA-354716E88189}.Release|Any CPU.Build.0 = Release|Any CPU
		{7DCD25C8-E747-4251-9830-7F7E50468619}.Debug|Any CPU.ActiveCfg = Debug|Any CPU
		{7DCD25C8-E747-4251-9830-7F7E50468619}.Debug|Any CPU.Build.0 = Debug|Any CPU
		{7DCD25C8-E747-4251-9830-7F7E50468619}.Release|Any CPU.ActiveCfg = Release|Any CPU
		{7DCD25C8-E747-4251-9830-7F7E50468619}.Release|Any CPU.Build.0 = Release|Any CPU
		{C3149486-7888-4B7D-B1F3-38AC6A759B9B}.Debug|Any CPU.ActiveCfg = Debug|Any CPU
		{C3149486-7888-4B7D-B1F3-38AC6A759B9B}.Debug|Any CPU.Build.0 = Debug|Any CPU
		{C3149486-7888-4B7D-B1F3-38AC6A759B9B}.Release|Any CPU.ActiveCfg = Release|Any CPU
		{C3149486-7888-4B7D-B1F3-38AC6A759B9B}.Release|Any CPU.Build.0 = Release|Any CPU
	EndGlobalSection
	GlobalSection(SolutionProperties) = preSolution
		HideSolutionNode = FALSE
	EndGlobalSection
	GlobalSection(ExtensibilityGlobals) = postSolution
		SolutionGuid = {07FBB891-0BBD-481A-839D-D11F09A33879}
	EndGlobalSection
EndGlobal
